
Microsoft Visual Studio Solution File, Format Version 12.00
# Visual Studio Version 17
VisualStudioVersion = 17.9.34728.123
MinimumVisualStudioVersion = 10.0.40219.1
Project("{9A19103F-16F7-4668-BE54-9A1E7A4F7556}") = "DotNetTrainingBatch4.ConsoleApp", "DotNetTrainingBatch4.ConsoleApp\DotNetTrainingBatch4.ConsoleApp.csproj", "{C9285650-061D-4781-AC2B-30F27A8AEC15}"
EndProject
Project("{2150E333-8FDC-42A3-9474-1A3956D46DE8}") = "Documents", "Documents", "{B2A7F83A-75DE-4806-B294-30A22DB312FA}"
	ProjectSection(SolutionItems) = preProject
		dotNetTrainingBatch4.sql = dotNetTrainingBatch4.sql
		README.md = README.md
	EndProjectSection
EndProject
Global
	GlobalSection(SolutionConfigurationPlatforms) = preSolution
		Debug|Any CPU = Debug|Any CPU
		Release|Any CPU = Release|Any CPU
	EndGlobalSection
	GlobalSection(ProjectConfigurationPlatforms) = postSolution
		{C9285650-061D-4781-AC2B-30F27A8AEC15}.Debug|Any CPU.ActiveCfg = Debug|Any CPU
		{C9285650-061D-4781-AC2B-30F27A8AEC15}.Debug|Any CPU.Build.0 = Debug|Any CPU
		{C9285650-061D-4781-AC2B-30F27A8AEC15}.Release|Any CPU.ActiveCfg = Release|Any CPU
		{C9285650-061D-4781-AC2B-30F27A8AEC15}.Release|Any CPU.Build.0 = Release|Any CPU
	EndGlobalSection
	GlobalSection(SolutionProperties) = preSolution
		HideSolutionNode = FALSE
	EndGlobalSection
	GlobalSection(ExtensibilityGlobals) = postSolution
		SolutionGuid = {3F027B4B-DA12-47D6-815E-88CF438FE568}
	EndGlobalSection
EndGlobal
